
Microsoft Visual Studio Solution File, Format Version 12.00
# Visual Studio 15
VisualStudioVersion = 15.0.27703.2000
MinimumVisualStudioVersion = 10.0.40219.1
Project("{FAE04EC0-301F-11D3-BF4B-00C04F79EFBC}") = "LHCStatus", "LHCStatus\LHCStatus.csproj", "{8E273D26-13B6-4BA2-8528-7935FA6CA0DB}"
EndProject
Project("{FAE04EC0-301F-11D3-BF4B-00C04F79EFBC}") = "CryoStatus", "CryoStatus\CryoStatus.csproj", "{B1385B60-42A8-45A5-8444-6DBB0362C765}"
EndProject
Project("{FAE04EC0-301F-11D3-BF4B-00C04F79EFBC}") = "RetrieveBitmap", "RetrieveBitmap\RetrieveBitmap.csproj", "{8A97A280-9FF3-48B7-8A14-556B0BE77CBF}"
EndProject
Project("{FAE04EC0-301F-11D3-BF4B-00C04F79EFBC}") = "BeamDumpStatus", "BeamDumpStatus\BeamDumpStatus.csproj", "{56AEEC69-63E4-4924-9ECE-0BD7A33A186D}"
EndProject
Project("{FAE04EC0-301F-11D3-BF4B-00C04F79EFBC}") = "LHCEnums", "LHCEnums\LHCEnums.csproj", "{215AC5FA-99E3-4948-931A-CA13206E8846}"
EndProject
Project("{FAE04EC0-301F-11D3-BF4B-00C04F79EFBC}") = "LHCStatusOptions", "LHCStatusOptions\LHCStatusOptions.csproj", "{A27C9D73-B2C6-4C34-8B39-DA4B8862642A}"
EndProject
Project("{FAE04EC0-301F-11D3-BF4B-00C04F79EFBC}") = "EXPMagnetStatus", "EXPMagnetStatus\EXPMagnetStatus.csproj", "{D2EFCFB7-3B80-46C3-9B72-4259BE587B99}"
EndProject
Project("{FAE04EC0-301F-11D3-BF4B-00C04F79EFBC}") = "Page1Status", "Page1Status\Page1Status.csproj", "{65E96B11-6974-4E50-983B-2C7F90D754CC}"
EndProject
Project("{FAE04EC0-301F-11D3-BF4B-00C04F79EFBC}") = "RetrieveBitmapTests", "RetrieveBitmapTests\RetrieveBitmapTests.csproj", "{A95AA18E-AA17-470E-B5C3-B535A1D8B23F}"
EndProject
Project("{2150E333-8FDC-42A3-9474-1A3956D46DE8}") = "Unit Tests", "Unit Tests", "{450C708C-1644-4ACD-97AE-1DDAAA48728D}"
EndProject
Project("{FAE04EC0-301F-11D3-BF4B-00C04F79EFBC}") = "CryoStatusTests", "CryoStatusTests\CryoStatusTests.csproj", "{2940BA01-0C41-47B0-A550-D77386D9F614}"
EndProject
Project("{FAE04EC0-301F-11D3-BF4B-00C04F79EFBC}") = "EXPMagnetStatusTests", "EXPMagnetStatusTests\EXPMagnetStatusTests.csproj", "{4511B4A8-F960-424D-85D9-968D4DAECBB6}"
EndProject
Project("{FAE04EC0-301F-11D3-BF4B-00C04F79EFBC}") = "BeamDumpStatusTests", "BeamDumpStatusTests\BeamDumpStatusTests.csproj", "{03ED585E-FE41-42E8-8CE0-17AC721AB13D}"
EndProject
Project("{FAE04EC0-301F-11D3-BF4B-00C04F79EFBC}") = "Page1StatusTests", "Page1StatusTests\Page1StatusTests.csproj", "{BD4E6E68-87F4-48C1-A836-023EC6F5D9AE}"
EndProject
Project("{FAE04EC0-301F-11D3-BF4B-00C04F79EFBC}") = "OCR", "OCR\OCR.csproj", "{55733D25-20EE-4129-B4FB-9D7A829E3E2B}"
EndProject
Project("{FAE04EC0-301F-11D3-BF4B-00C04F79EFBC}") = "OCRTests", "OCRTests\OCRTests.csproj", "{1014DAA2-B1C2-4E85-9C98-79C3173817EB}"
EndProject
Project("{FAE04EC0-301F-11D3-BF4B-00C04F79EFBC}") = "LHCStatusFunctions", "LHCStatusFunctions\LHCStatusFunctions.csproj", "{EB4A745B-2420-4E40-B353-8DB67D44C2E7}"
EndProject
Global
	GlobalSection(SolutionConfigurationPlatforms) = preSolution
		Debug|Any CPU = Debug|Any CPU
		Release|Any CPU = Release|Any CPU
	EndGlobalSection
	GlobalSection(ProjectConfigurationPlatforms) = postSolution
		{8E273D26-13B6-4BA2-8528-7935FA6CA0DB}.Debug|Any CPU.ActiveCfg = Debug|Any CPU
		{8E273D26-13B6-4BA2-8528-7935FA6CA0DB}.Debug|Any CPU.Build.0 = Debug|Any CPU
		{8E273D26-13B6-4BA2-8528-7935FA6CA0DB}.Release|Any CPU.ActiveCfg = Release|Any CPU
		{8E273D26-13B6-4BA2-8528-7935FA6CA0DB}.Release|Any CPU.Build.0 = Release|Any CPU
		{B1385B60-42A8-45A5-8444-6DBB0362C765}.Debug|Any CPU.ActiveCfg = Debug|Any CPU
		{B1385B60-42A8-45A5-8444-6DBB0362C765}.Debug|Any CPU.Build.0 = Debug|Any CPU
		{B1385B60-42A8-45A5-8444-6DBB0362C765}.Release|Any CPU.ActiveCfg = Release|Any CPU
		{B1385B60-42A8-45A5-8444-6DBB0362C765}.Release|Any CPU.Build.0 = Release|Any CPU
		{8A97A280-9FF3-48B7-8A14-556B0BE77CBF}.Debug|Any CPU.ActiveCfg = Debug|Any CPU
		{8A97A280-9FF3-48B7-8A14-556B0BE77CBF}.Debug|Any CPU.Build.0 = Debug|Any CPU
		{8A97A280-9FF3-48B7-8A14-556B0BE77CBF}.Release|Any CPU.ActiveCfg = Release|Any CPU
		{8A97A280-9FF3-48B7-8A14-556B0BE77CBF}.Release|Any CPU.Build.0 = Release|Any CPU
		{56AEEC69-63E4-4924-9ECE-0BD7A33A186D}.Debug|Any CPU.ActiveCfg = Debug|Any CPU
		{56AEEC69-63E4-4924-9ECE-0BD7A33A186D}.Debug|Any CPU.Build.0 = Debug|Any CPU
		{56AEEC69-63E4-4924-9ECE-0BD7A33A186D}.Release|Any CPU.ActiveCfg = Release|Any CPU
		{56AEEC69-63E4-4924-9ECE-0BD7A33A186D}.Release|Any CPU.Build.0 = Release|Any CPU
		{215AC5FA-99E3-4948-931A-CA13206E8846}.Debug|Any CPU.ActiveCfg = Debug|Any CPU
		{215AC5FA-99E3-4948-931A-CA13206E8846}.Debug|Any CPU.Build.0 = Debug|Any CPU
		{215AC5FA-99E3-4948-931A-CA13206E8846}.Release|Any CPU.ActiveCfg = Release|Any CPU
		{215AC5FA-99E3-4948-931A-CA13206E8846}.Release|Any CPU.Build.0 = Release|Any CPU
		{A27C9D73-B2C6-4C34-8B39-DA4B8862642A}.Debug|Any CPU.ActiveCfg = Debug|Any CPU
		{A27C9D73-B2C6-4C34-8B39-DA4B8862642A}.Debug|Any CPU.Build.0 = Debug|Any CPU
		{A27C9D73-B2C6-4C34-8B39-DA4B8862642A}.Release|Any CPU.ActiveCfg = Release|Any CPU
		{A27C9D73-B2C6-4C34-8B39-DA4B8862642A}.Release|Any CPU.Build.0 = Release|Any CPU
		{D2EFCFB7-3B80-46C3-9B72-4259BE587B99}.Debug|Any CPU.ActiveCfg = Debug|Any CPU
		{D2EFCFB7-3B80-46C3-9B72-4259BE587B99}.Debug|Any CPU.Build.0 = Debug|Any CPU
		{D2EFCFB7-3B80-46C3-9B72-4259BE587B99}.Release|Any CPU.ActiveCfg = Release|Any CPU
		{D2EFCFB7-3B80-46C3-9B72-4259BE587B99}.Release|Any CPU.Build.0 = Release|Any CPU
		{65E96B11-6974-4E50-983B-2C7F90D754CC}.Debug|Any CPU.ActiveCfg = Debug|Any CPU
		{65E96B11-6974-4E50-983B-2C7F90D754CC}.Debug|Any CPU.Build.0 = Debug|Any CPU
		{65E96B11-6974-4E50-983B-2C7F90D754CC}.Release|Any CPU.ActiveCfg = Release|Any CPU
		{65E96B11-6974-4E50-983B-2C7F90D754CC}.Release|Any CPU.Build.0 = Release|Any CPU
		{A95AA18E-AA17-470E-B5C3-B535A1D8B23F}.Debug|Any CPU.ActiveCfg = Debug|Any CPU
		{A95AA18E-AA17-470E-B5C3-B535A1D8B23F}.Debug|Any CPU.Build.0 = Debug|Any CPU
		{A95AA18E-AA17-470E-B5C3-B535A1D8B23F}.Release|Any CPU.ActiveCfg = Release|Any CPU
		{A95AA18E-AA17-470E-B5C3-B535A1D8B23F}.Release|Any CPU.Build.0 = Release|Any CPU
		{2940BA01-0C41-47B0-A550-D77386D9F614}.Debug|Any CPU.ActiveCfg = Debug|Any CPU
		{2940BA01-0C41-47B0-A550-D77386D9F614}.Debug|Any CPU.Build.0 = Debug|Any CPU
		{2940BA01-0C41-47B0-A550-D77386D9F614}.Release|Any CPU.ActiveCfg = Release|Any CPU
		{2940BA01-0C41-47B0-A550-D77386D9F614}.Release|Any CPU.Build.0 = Release|Any CPU
		{4511B4A8-F960-424D-85D9-968D4DAECBB6}.Debug|Any CPU.ActiveCfg = Debug|Any CPU
		{4511B4A8-F960-424D-85D9-968D4DAECBB6}.Debug|Any CPU.Build.0 = Debug|Any CPU
		{4511B4A8-F960-424D-85D9-968D4DAECBB6}.Release|Any CPU.ActiveCfg = Release|Any CPU
		{4511B4A8-F960-424D-85D9-968D4DAECBB6}.Release|Any CPU.Build.0 = Release|Any CPU
		{03ED585E-FE41-42E8-8CE0-17AC721AB13D}.Debug|Any CPU.ActiveCfg = Debug|Any CPU
		{03ED585E-FE41-42E8-8CE0-17AC721AB13D}.Debug|Any CPU.Build.0 = Debug|Any CPU
		{03ED585E-FE41-42E8-8CE0-17AC721AB13D}.Release|Any CPU.ActiveCfg = Release|Any CPU
		{03ED585E-FE41-42E8-8CE0-17AC721AB13D}.Release|Any CPU.Build.0 = Release|Any CPU
		{BD4E6E68-87F4-48C1-A836-023EC6F5D9AE}.Debug|Any CPU.ActiveCfg = Debug|Any CPU
		{BD4E6E68-87F4-48C1-A836-023EC6F5D9AE}.Debug|Any CPU.Build.0 = Debug|Any CPU
		{BD4E6E68-87F4-48C1-A836-023EC6F5D9AE}.Release|Any CPU.ActiveCfg = Release|Any CPU
		{BD4E6E68-87F4-48C1-A836-023EC6F5D9AE}.Release|Any CPU.Build.0 = Release|Any CPU
		{55733D25-20EE-4129-B4FB-9D7A829E3E2B}.Debug|Any CPU.ActiveCfg = Debug|Any CPU
		{55733D25-20EE-4129-B4FB-9D7A829E3E2B}.Debug|Any CPU.Build.0 = Debug|Any CPU
		{55733D25-20EE-4129-B4FB-9D7A829E3E2B}.Release|Any CPU.ActiveCfg = Release|Any CPU
		{55733D25-20EE-4129-B4FB-9D7A829E3E2B}.Release|Any CPU.Build.0 = Release|Any CPU
		{1014DAA2-B1C2-4E85-9C98-79C3173817EB}.Debug|Any CPU.ActiveCfg = Debug|Any CPU
		{1014DAA2-B1C2-4E85-9C98-79C3173817EB}.Debug|Any CPU.Build.0 = Debug|Any CPU
		{1014DAA2-B1C2-4E85-9C98-79C3173817EB}.Release|Any CPU.ActiveCfg = Release|Any CPU
		{1014DAA2-B1C2-4E85-9C98-79C3173817EB}.Release|Any CPU.Build.0 = Release|Any CPU
		{EB4A745B-2420-4E40-B353-8DB67D44C2E7}.Debug|Any CPU.ActiveCfg = Debug|Any CPU
		{EB4A745B-2420-4E40-B353-8DB67D44C2E7}.Debug|Any CPU.Build.0 = Debug|Any CPU
		{EB4A745B-2420-4E40-B353-8DB67D44C2E7}.Release|Any CPU.ActiveCfg = Release|Any CPU
		{EB4A745B-2420-4E40-B353-8DB67D44C2E7}.Release|Any CPU.Build.0 = Release|Any CPU
	EndGlobalSection
	GlobalSection(SolutionProperties) = preSolution
		HideSolutionNode = FALSE
	EndGlobalSection
	GlobalSection(NestedProjects) = preSolution
		{A95AA18E-AA17-470E-B5C3-B535A1D8B23F} = {450C708C-1644-4ACD-97AE-1DDAAA48728D}
		{2940BA01-0C41-47B0-A550-D77386D9F614} = {450C708C-1644-4ACD-97AE-1DDAAA48728D}
		{4511B4A8-F960-424D-85D9-968D4DAECBB6} = {450C708C-1644-4ACD-97AE-1DDAAA48728D}
		{03ED585E-FE41-42E8-8CE0-17AC721AB13D} = {450C708C-1644-4ACD-97AE-1DDAAA48728D}
		{BD4E6E68-87F4-48C1-A836-023EC6F5D9AE} = {450C708C-1644-4ACD-97AE-1DDAAA48728D}
		{1014DAA2-B1C2-4E85-9C98-79C3173817EB} = {450C708C-1644-4ACD-97AE-1DDAAA48728D}
	EndGlobalSection
	GlobalSection(ExtensibilityGlobals) = postSolution
		SolutionGuid = {7ED371C9-F629-4654-98FD-EA6F1CE0DA34}
	EndGlobalSection
EndGlobal
