
Microsoft Visual Studio Solution File, Format Version 12.00
# Visual Studio 15
VisualStudioVersion = 15.0.27703.2000
MinimumVisualStudioVersion = 10.0.40219.1
Project("{FAE04EC0-301F-11D3-BF4B-00C04F79EFBC}") = "LHCStatus", "LHCStatus\LHCStatus.csproj", "{8E273D26-13B6-4BA2-8528-7935FA6CA0DB}"
EndProject
Project("{FAE04EC0-301F-11D3-BF4B-00C04F79EFBC}") = "CryoStatus", "CryoStatus\CryoStatus.csproj", "{B1385B60-42A8-45A5-8444-6DBB0362C765}"
EndProject
Project("{FAE04EC0-301F-11D3-BF4B-00C04F79EFBC}") = "RetrieveBitmap", "RetrieveBitmap\RetrieveBitmap.csproj", "{8A97A280-9FF3-48B7-8A14-556B0BE77CBF}"
EndProject
Project("{FAE04EC0-301F-11D3-BF4B-00C04F79EFBC}") = "BeamDumpStatus", "BeamDumpStatus\BeamDumpStatus.csproj", "{56AEEC69-63E4-4924-9ECE-0BD7A33A186D}"
EndProject
Project("{FAE04EC0-301F-11D3-BF4B-00C04F79EFBC}") = "LHCEnums", "LHCEnums\LHCEnums.csproj", "{215AC5FA-99E3-4948-931A-CA13206E8846}"
EndProject
Project("{FAE04EC0-301F-11D3-BF4B-00C04F79EFBC}") = "LHCStatusOptions", "LHCStatusOptions\LHCStatusOptions.csproj", "{A27C9D73-B2C6-4C34-8B39-DA4B8862642A}"
EndProject
Global
	GlobalSection(SolutionConfigurationPlatforms) = preSolution
		Debug|Any CPU = Debug|Any CPU
		Release|Any CPU = Release|Any CPU
	EndGlobalSection
	GlobalSection(ProjectConfigurationPlatforms) = postSolution
		{8E273D26-13B6-4BA2-8528-7935FA6CA0DB}.Debug|Any CPU.ActiveCfg = Debug|Any CPU
		{8E273D26-13B6-4BA2-8528-7935FA6CA0DB}.Debug|Any CPU.Build.0 = Debug|Any CPU
		{8E273D26-13B6-4BA2-8528-7935FA6CA0DB}.Release|Any CPU.ActiveCfg = Release|Any CPU
		{8E273D26-13B6-4BA2-8528-7935FA6CA0DB}.Release|Any CPU.Build.0 = Release|Any CPU
		{B1385B60-42A8-45A5-8444-6DBB0362C765}.Debug|Any CPU.ActiveCfg = Debug|Any CPU
		{B1385B60-42A8-45A5-8444-6DBB0362C765}.Debug|Any CPU.Build.0 = Debug|Any CPU
		{B1385B60-42A8-45A5-8444-6DBB0362C765}.Release|Any CPU.ActiveCfg = Release|Any CPU
		{B1385B60-42A8-45A5-8444-6DBB0362C765}.Release|Any CPU.Build.0 = Release|Any CPU
		{8A97A280-9FF3-48B7-8A14-556B0BE77CBF}.Debug|Any CPU.ActiveCfg = Debug|Any CPU
		{8A97A280-9FF3-48B7-8A14-556B0BE77CBF}.Debug|Any CPU.Build.0 = Debug|Any CPU
		{8A97A280-9FF3-48B7-8A14-556B0BE77CBF}.Release|Any CPU.ActiveCfg = Release|Any CPU
		{8A97A280-9FF3-48B7-8A14-556B0BE77CBF}.Release|Any CPU.Build.0 = Release|Any CPU
		{56AEEC69-63E4-4924-9ECE-0BD7A33A186D}.Debug|Any CPU.ActiveCfg = Debug|Any CPU
		{56AEEC69-63E4-4924-9ECE-0BD7A33A186D}.Debug|Any CPU.Build.0 = Debug|Any CPU
		{56AEEC69-63E4-4924-9ECE-0BD7A33A186D}.Release|Any CPU.ActiveCfg = Release|Any CPU
		{56AEEC69-63E4-4924-9ECE-0BD7A33A186D}.Release|Any CPU.Build.0 = Release|Any CPU
		{215AC5FA-99E3-4948-931A-CA13206E8846}.Debug|Any CPU.ActiveCfg = Debug|Any CPU
		{215AC5FA-99E3-4948-931A-CA13206E8846}.Debug|Any CPU.Build.0 = Debug|Any CPU
		{215AC5FA-99E3-4948-931A-CA13206E8846}.Release|Any CPU.ActiveCfg = Release|Any CPU
		{215AC5FA-99E3-4948-931A-CA13206E8846}.Release|Any CPU.Build.0 = Release|Any CPU
		{A27C9D73-B2C6-4C34-8B39-DA4B8862642A}.Debug|Any CPU.ActiveCfg = Debug|Any CPU
		{A27C9D73-B2C6-4C34-8B39-DA4B8862642A}.Debug|Any CPU.Build.0 = Debug|Any CPU
		{A27C9D73-B2C6-4C34-8B39-DA4B8862642A}.Release|Any CPU.ActiveCfg = Release|Any CPU
		{A27C9D73-B2C6-4C34-8B39-DA4B8862642A}.Release|Any CPU.Build.0 = Release|Any CPU
	EndGlobalSection
	GlobalSection(SolutionProperties) = preSolution
		HideSolutionNode = FALSE
	EndGlobalSection
	GlobalSection(ExtensibilityGlobals) = postSolution
		SolutionGuid = {7ED371C9-F629-4654-98FD-EA6F1CE0DA34}
	EndGlobalSection
EndGlobal
